
Microsoft Visual Studio Solution File, Format Version 12.00
# Visual Studio 15
VisualStudioVersion = 15.0.34112.143
MinimumVisualStudioVersion = 10.0.40219.1
Project("{FAE04EC0-301F-11D3-BF4B-00C04F79EFBC}") = "api", "api\api.csproj", "{D7F66BF1-B44E-42FF-8191-8F307FBA1ABE}"
EndProject
Project("{FAE04EC0-301F-11D3-BF4B-00C04F79EFBC}") = "wpf", "wpf\wpf.csproj", "{3B7ED0E5-FEC9-48D9-B4DB-05EF4832014C}"
EndProject
Global
	GlobalSection(SolutionConfigurationPlatforms) = preSolution
		Debug|Any CPU = Debug|Any CPU
		Release|Any CPU = Release|Any CPU
	EndGlobalSection
	GlobalSection(ProjectConfigurationPlatforms) = postSolution
		{D7F66BF1-B44E-42FF-8191-8F307FBA1ABE}.Debug|Any CPU.ActiveCfg = Debug|Any CPU
		{D7F66BF1-B44E-42FF-8191-8F307FBA1ABE}.Debug|Any CPU.Build.0 = Debug|Any CPU
		{D7F66BF1-B44E-42FF-8191-8F307FBA1ABE}.Release|Any CPU.ActiveCfg = Release|Any CPU
		{D7F66BF1-B44E-42FF-8191-8F307FBA1ABE}.Release|Any CPU.Build.0 = Release|Any CPU
		{3B7ED0E5-FEC9-48D9-B4DB-05EF4832014C}.Debug|Any CPU.ActiveCfg = Debug|Any CPU
		{3B7ED0E5-FEC9-48D9-B4DB-05EF4832014C}.Debug|Any CPU.Build.0 = Debug|Any CPU
		{3B7ED0E5-FEC9-48D9-B4DB-05EF4832014C}.Release|Any CPU.ActiveCfg = Release|Any CPU
		{3B7ED0E5-FEC9-48D9-B4DB-05EF4832014C}.Release|Any CPU.Build.0 = Release|Any CPU
	EndGlobalSection
	GlobalSection(SolutionProperties) = preSolution
		HideSolutionNode = FALSE
	EndGlobalSection
	GlobalSection(ExtensibilityGlobals) = postSolution
		SolutionGuid = {3F402B2C-FE81-4E0C-9DB0-D39EEEC495CD}
	EndGlobalSection
EndGlobal
